
Microsoft Visual Studio Solution File, Format Version 12.00
# Visual Studio 14
VisualStudioVersion = 14.0.25420.1
MinimumVisualStudioVersion = 10.0.40219.1
Project("{FAE04EC0-301F-11D3-BF4B-00C04F79EFBC}") = "WPFHello", "WpfApplication1\WPFHello.csproj", "{856F531B-9229-4093-B186-45033CDD99CF}"
EndProject
Project("{FAE04EC0-301F-11D3-BF4B-00C04F79EFBC}") = "Autolaskuri", "Autolaskuri\Autolaskuri.csproj", "{AD75B4C7-70E5-4F4E-A4CF-EB723DA22F7A}"
EndProject
Project("{FAE04EC0-301F-11D3-BF4B-00C04F79EFBC}") = "Markkalaskuri", "Markkalaskuri\Markkalaskuri.csproj", "{4286E36E-717A-445E-A814-FF5BC4B12527}"
EndProject
Project("{FAE04EC0-301F-11D3-BF4B-00C04F79EFBC}") = "Ikkunalaskuri", "Ikkunalaskuri\Ikkunalaskuri.csproj", "{7DF1D741-5FDF-448D-833F-E3606F801582}"
EndProject
Global
	GlobalSection(SolutionConfigurationPlatforms) = preSolution
		Debug|Any CPU = Debug|Any CPU
		Release|Any CPU = Release|Any CPU
	EndGlobalSection
	GlobalSection(ProjectConfigurationPlatforms) = postSolution
		{856F531B-9229-4093-B186-45033CDD99CF}.Debug|Any CPU.ActiveCfg = Debug|Any CPU
		{856F531B-9229-4093-B186-45033CDD99CF}.Debug|Any CPU.Build.0 = Debug|Any CPU
		{856F531B-9229-4093-B186-45033CDD99CF}.Release|Any CPU.ActiveCfg = Release|Any CPU
		{856F531B-9229-4093-B186-45033CDD99CF}.Release|Any CPU.Build.0 = Release|Any CPU
		{AD75B4C7-70E5-4F4E-A4CF-EB723DA22F7A}.Debug|Any CPU.ActiveCfg = Debug|Any CPU
		{AD75B4C7-70E5-4F4E-A4CF-EB723DA22F7A}.Debug|Any CPU.Build.0 = Debug|Any CPU
		{AD75B4C7-70E5-4F4E-A4CF-EB723DA22F7A}.Release|Any CPU.ActiveCfg = Release|Any CPU
		{AD75B4C7-70E5-4F4E-A4CF-EB723DA22F7A}.Release|Any CPU.Build.0 = Release|Any CPU
		{4286E36E-717A-445E-A814-FF5BC4B12527}.Debug|Any CPU.ActiveCfg = Debug|Any CPU
		{4286E36E-717A-445E-A814-FF5BC4B12527}.Debug|Any CPU.Build.0 = Debug|Any CPU
		{4286E36E-717A-445E-A814-FF5BC4B12527}.Release|Any CPU.ActiveCfg = Release|Any CPU
		{4286E36E-717A-445E-A814-FF5BC4B12527}.Release|Any CPU.Build.0 = Release|Any CPU
		{7DF1D741-5FDF-448D-833F-E3606F801582}.Debug|Any CPU.ActiveCfg = Debug|Any CPU
		{7DF1D741-5FDF-448D-833F-E3606F801582}.Debug|Any CPU.Build.0 = Debug|Any CPU
		{7DF1D741-5FDF-448D-833F-E3606F801582}.Release|Any CPU.ActiveCfg = Release|Any CPU
		{7DF1D741-5FDF-448D-833F-E3606F801582}.Release|Any CPU.Build.0 = Release|Any CPU
	EndGlobalSection
	GlobalSection(SolutionProperties) = preSolution
		HideSolutionNode = FALSE
	EndGlobalSection
EndGlobal
